// !$*UTF8*$!
{
	archiveVersion = 1;
	classes = {
	};
	objectVersion = 48;
	objects = {

/* Begin PBXBuildFile section */
		18EF2DD5202C52FB00CF3165 /* AppDelegate.m in Sources */ = {isa = PBXBuildFile; fileRef = 18EF2DD4202C52FB00CF3165 /* AppDelegate.m */; };
		18EF2DD8202C52FB00CF3165 /* ViewController.m in Sources */ = {isa = PBXBuildFile; fileRef = 18EF2DD7202C52FB00CF3165 /* ViewController.m */; };
		18EF2DDB202C52FB00CF3165 /* Main.storyboard in Resources */ = {isa = PBXBuildFile; fileRef = 18EF2DD9202C52FB00CF3165 /* Main.storyboard */; };
		18EF2DDD202C52FB00CF3165 /* Assets.xcassets in Resources */ = {isa = PBXBuildFile; fileRef = 18EF2DDC202C52FB00CF3165 /* Assets.xcassets */; };
		18EF2DE0202C52FB00CF3165 /* LaunchScreen.storyboard in Resources */ = {isa = PBXBuildFile; fileRef = 18EF2DDE202C52FB00CF3165 /* LaunchScreen.storyboard */; };
		18EF2DE3202C52FB00CF3165 /* main.m in Sources */ = {isa = PBXBuildFile; fileRef = 18EF2DE2202C52FB00CF3165 /* main.m */; };
		18EF2DED202C52FB00CF3165 /* JCChoosePhoneManagerTests.m in Sources */ = {isa = PBXBuildFile; fileRef = 18EF2DEC202C52FB00CF3165 /* JCChoosePhoneManagerTests.m */; };
		18EF2DF8202C52FB00CF3165 /* JCChoosePhoneManagerUITests.m in Sources */ = {isa = PBXBuildFile; fileRef = 18EF2DF7202C52FB00CF3165 /* JCChoosePhoneManagerUITests.m */; };
		18EF2E0F202C535100CF3165 /* JCChoosePhoneView.m in Sources */ = {isa = PBXBuildFile; fileRef = 18EF2E05202C535000CF3165 /* JCChoosePhoneView.m */; };
		18EF2E10202C535100CF3165 /* JCChoosePhoneManager.m in Sources */ = {isa = PBXBuildFile; fileRef = 18EF2E08202C535100CF3165 /* JCChoosePhoneManager.m */; };
		18EF2E11202C535100CF3165 /* JCCustomChooseView.m in Sources */ = {isa = PBXBuildFile; fileRef = 18EF2E0C202C535100CF3165 /* JCCustomChooseView.m */; };
		18EF2E12202C535100CF3165 /* JCVPImageCropperViewController.m in Sources */ = {isa = PBXBuildFile; fileRef = 18EF2E0E202C535100CF3165 /* JCVPImageCropperViewController.m */; };
		48EDBF704631C2554924AC14 /* libPods-JCChoosePhoneManager.a in Frameworks */ = {isa = PBXBuildFile; fileRef = 9ED60514530B9DAECFB98FFE /* libPods-JCChoosePhoneManager.a */; };
		72788BC1604B55A122A503DA /* libPods-JCChoosePhoneManagerTests.a in Frameworks */ = {isa = PBXBuildFile; fileRef = 4F9544781FED4366AB5981EB /* libPods-JCChoosePhoneManagerTests.a */; };
		9866CFB1ECBE228C012C91C3 /* libPods-JCChoosePhoneManagerUITests.a in Frameworks */ = {isa = PBXBuildFile; fileRef = CA4A451259E4B797366C72CA /* libPods-JCChoosePhoneManagerUITests.a */; };
/* End PBXBuildFile section */

/* Begin PBXContainerItemProxy section */
		18EF2DE9202C52FB00CF3165 /* PBXContainerItemProxy */ = {
			isa = PBXContainerItemProxy;
			containerPortal = 18EF2DC8202C52FA00CF3165 /* Project object */;
			proxyType = 1;
			remoteGlobalIDString = 18EF2DCF202C52FA00CF3165;
			remoteInfo = JCChoosePhoneManager;
		};
		18EF2DF4202C52FB00CF3165 /* PBXContainerItemProxy */ = {
			isa = PBXContainerItemProxy;
			containerPortal = 18EF2DC8202C52FA00CF3165 /* Project object */;
			proxyType = 1;
			remoteGlobalIDString = 18EF2DCF202C52FA00CF3165;
			remoteInfo = JCChoosePhoneManager;
		};
/* End PBXContainerItemProxy section */

/* Begin PBXFileReference section */
		01D748EE043380FE455AC06A /* Pods-JCChoosePhoneManagerTests.release.xcconfig */ = {isa = PBXFileReference; includeInIndex = 1; lastKnownFileType = text.xcconfig; name = "Pods-JCChoosePhoneManagerTests.release.xcconfig"; path = "Pods/Target Support Files/Pods-JCChoosePhoneManagerTests/Pods-JCChoosePhoneManagerTests.release.xcconfig"; sourceTree = "<group>"; };
		0D8846FC4CAD0A678EDB36DA /* Pods-JCChoosePhoneManager.release.xcconfig */ = {isa = PBXFileReference; includeInIndex = 1; lastKnownFileType = text.xcconfig; name = "Pods-JCChoosePhoneManager.release.xcconfig"; path = "Pods/Target Support Files/Pods-JCChoosePhoneManager/Pods-JCChoosePhoneManager.release.xcconfig"; sourceTree = "<group>"; };
		18EF2DD0202C52FA00CF3165 /* JCChoosePhoneManager.app */ = {isa = PBXFileReference; explicitFileType = wrapper.application; includeInIndex = 0; path = JCChoosePhoneManager.app; sourceTree = BUILT_PRODUCTS_DIR; };
		18EF2DD3202C52FB00CF3165 /* AppDelegate.h */ = {isa = PBXFileReference; lastKnownFileType = sourcecode.c.h; path = AppDelegate.h; sourceTree = "<group>"; };
		18EF2DD4202C52FB00CF3165 /* AppDelegate.m */ = {isa = PBXFileReference; lastKnownFileType = sourcecode.c.objc; path = AppDelegate.m; sourceTree = "<group>"; };
		18EF2DD6202C52FB00CF3165 /* ViewController.h */ = {isa = PBXFileReference; lastKnownFileType = sourcecode.c.h; path = ViewController.h; sourceTree = "<group>"; };
		18EF2DD7202C52FB00CF3165 /* ViewController.m */ = {isa = PBXFileReference; lastKnownFileType = sourcecode.c.objc; path = ViewController.m; sourceTree = "<group>"; };
		18EF2DDA202C52FB00CF3165 /* Base */ = {isa = PBXFileReference; lastKnownFileType = file.storyboard; name = Base; path = Base.lproj/Main.storyboard; sourceTree = "<group>"; };
		18EF2DDC202C52FB00CF3165 /* Assets.xcassets */ = {isa = PBXFileReference; lastKnownFileType = folder.assetcatalog; path = Assets.xcassets; sourceTree = "<group>"; };
		18EF2DDF202C52FB00CF3165 /* Base */ = {isa = PBXFileReference; lastKnownFileType = file.storyboard; name = Base; path = Base.lproj/LaunchScreen.storyboard; sourceTree = "<group>"; };
		18EF2DE1202C52FB00CF3165 /* Info.plist */ = {isa = PBXFileReference; lastKnownFileType = text.plist.xml; path = Info.plist; sourceTree = "<group>"; };
		18EF2DE2202C52FB00CF3165 /* main.m */ = {isa = PBXFileReference; lastKnownFileType = sourcecode.c.objc; path = main.m; sourceTree = "<group>"; };
		18EF2DE8202C52FB00CF3165 /* JCChoosePhoneManagerTests.xctest */ = {isa = PBXFileReference; explicitFileType = wrapper.cfbundle; includeInIndex = 0; path = JCChoosePhoneManagerTests.xctest; sourceTree = BUILT_PRODUCTS_DIR; };
		18EF2DEC202C52FB00CF3165 /* JCChoosePhoneManagerTests.m */ = {isa = PBXFileReference; lastKnownFileType = sourcecode.c.objc; path = JCChoosePhoneManagerTests.m; sourceTree = "<group>"; };
		18EF2DEE202C52FB00CF3165 /* Info.plist */ = {isa = PBXFileReference; lastKnownFileType = text.plist.xml; path = Info.plist; sourceTree = "<group>"; };
		18EF2DF3202C52FB00CF3165 /* JCChoosePhoneManagerUITests.xctest */ = {isa = PBXFileReference; explicitFileType = wrapper.cfbundle; includeInIndex = 0; path = JCChoosePhoneManagerUITests.xctest; sourceTree = BUILT_PRODUCTS_DIR; };
		18EF2DF7202C52FB00CF3165 /* JCChoosePhoneManagerUITests.m */ = {isa = PBXFileReference; lastKnownFileType = sourcecode.c.objc; path = JCChoosePhoneManagerUITests.m; sourceTree = "<group>"; };
		18EF2DF9202C52FB00CF3165 /* Info.plist */ = {isa = PBXFileReference; lastKnownFileType = text.plist.xml; path = Info.plist; sourceTree = "<group>"; };
		18EF2E05202C535000CF3165 /* JCChoosePhoneView.m */ = {isa = PBXFileReference; fileEncoding = 4; lastKnownFileType = sourcecode.c.objc; name = JCChoosePhoneView.m; path = JCChoosePhoneManager/JCChoosePhoneView.m; sourceTree = "<group>"; };
		18EF2E06202C535100CF3165 /* JCChoosePhoneView.h */ = {isa = PBXFileReference; fileEncoding = 4; lastKnownFileType = sourcecode.c.h; name = JCChoosePhoneView.h; path = JCChoosePhoneManager/JCChoosePhoneView.h; sourceTree = "<group>"; };
		18EF2E08202C535100CF3165 /* JCChoosePhoneManager.m */ = {isa = PBXFileReference; fileEncoding = 4; lastKnownFileType = sourcecode.c.objc; path = JCChoosePhoneManager.m; sourceTree = "<group>"; };
		18EF2E09202C535100CF3165 /* JCCustomChooseView.h */ = {isa = PBXFileReference; fileEncoding = 4; lastKnownFileType = sourcecode.c.h; path = JCCustomChooseView.h; sourceTree = "<group>"; };
		18EF2E0A202C535100CF3165 /* JCCustomChooseProtocol.h */ = {isa = PBXFileReference; fileEncoding = 4; lastKnownFileType = sourcecode.c.h; path = JCCustomChooseProtocol.h; sourceTree = "<group>"; };
		18EF2E0B202C535100CF3165 /* JCVPImageCropperViewController.h */ = {isa = PBXFileReference; fileEncoding = 4; lastKnownFileType = sourcecode.c.h; path = JCVPImageCropperViewController.h; sourceTree = "<group>"; };
		18EF2E0C202C535100CF3165 /* JCCustomChooseView.m */ = {isa = PBXFileReference; fileEncoding = 4; lastKnownFileType = sourcecode.c.objc; path = JCCustomChooseView.m; sourceTree = "<group>"; };
		18EF2E0D202C535100CF3165 /* JCChoosePhoneManager.h */ = {isa = PBXFileReference; fileEncoding = 4; lastKnownFileType = sourcecode.c.h; path = JCChoosePhoneManager.h; sourceTree = "<group>"; };
		18EF2E0E202C535100CF3165 /* JCVPImageCropperViewController.m */ = {isa = PBXFileReference; fileEncoding = 4; lastKnownFileType = sourcecode.c.objc; path = JCVPImageCropperViewController.m; sourceTree = "<group>"; };
		4F9544781FED4366AB5981EB /* libPods-JCChoosePhoneManagerTests.a */ = {isa = PBXFileReference; explicitFileType = archive.ar; includeInIndex = 0; path = "libPods-JCChoosePhoneManagerTests.a"; sourceTree = BUILT_PRODUCTS_DIR; };
		4FDD49F16A74B72E62BE62AB /* Pods-JCChoosePhoneManager.debug.xcconfig */ = {isa = PBXFileReference; includeInIndex = 1; lastKnownFileType = text.xcconfig; name = "Pods-JCChoosePhoneManager.debug.xcconfig"; path = "Pods/Target Support Files/Pods-JCChoosePhoneManager/Pods-JCChoosePhoneManager.debug.xcconfig"; sourceTree = "<group>"; };
		6B99A732BAE93111697F813B /* Pods-JCChoosePhoneManagerUITests.debug.xcconfig */ = {isa = PBXFileReference; includeInIndex = 1; lastKnownFileType = text.xcconfig; name = "Pods-JCChoosePhoneManagerUITests.debug.xcconfig"; path = "Pods/Target Support Files/Pods-JCChoosePhoneManagerUITests/Pods-JCChoosePhoneManagerUITests.debug.xcconfig"; sourceTree = "<group>"; };
		920709B870D41C0D20BD72C5 /* Pods-JCChoosePhoneManagerTests.debug.xcconfig */ = {isa = PBXFileReference; includeInIndex = 1; lastKnownFileType = text.xcconfig; name = "Pods-JCChoosePhoneManagerTests.debug.xcconfig"; path = "Pods/Target Support Files/Pods-JCChoosePhoneManagerTests/Pods-JCChoosePhoneManagerTests.debug.xcconfig"; sourceTree = "<group>"; };
		9ED60514530B9DAECFB98FFE /* libPods-JCChoosePhoneManager.a */ = {isa = PBXFileReference; explicitFileType = archive.ar; includeInIndex = 0; path = "libPods-JCChoosePhoneManager.a"; sourceTree = BUILT_PRODUCTS_DIR; };
		CA4A451259E4B797366C72CA /* libPods-JCChoosePhoneManagerUITests.a */ = {isa = PBXFileReference; explicitFileType = archive.ar; includeInIndex = 0; path = "libPods-JCChoosePhoneManagerUITests.a"; sourceTree = BUILT_PRODUCTS_DIR; };
		E84E69CAFCE0D679F56D6922 /* Pods-JCChoosePhoneManagerUITests.release.xcconfig */ = {isa = PBXFileReference; includeInIndex = 1; lastKnownFileType = text.xcconfig; name = "Pods-JCChoosePhoneManagerUITests.release.xcconfig"; path = "Pods/Target Support Files/Pods-JCChoosePhoneManagerUITests/Pods-JCChoosePhoneManagerUITests.release.xcconfig"; sourceTree = "<group>"; };
/* End PBXFileReference section */

/* Begin PBXFrameworksBuildPhase section */
		18EF2DCD202C52FA00CF3165 /* Frameworks */ = {
			isa = PBXFrameworksBuildPhase;
			buildActionMask = 2147483647;
			files = (
				48EDBF704631C2554924AC14 /* libPods-JCChoosePhoneManager.a in Frameworks */,
			);
			runOnlyForDeploymentPostprocessing = 0;
		};
		18EF2DE5202C52FB00CF3165 /* Frameworks */ = {
			isa = PBXFrameworksBuildPhase;
			buildActionMask = 2147483647;
			files = (
				72788BC1604B55A122A503DA /* libPods-JCChoosePhoneManagerTests.a in Frameworks */,
			);
			runOnlyForDeploymentPostprocessing = 0;
		};
		18EF2DF0202C52FB00CF3165 /* Frameworks */ = {
			isa = PBXFrameworksBuildPhase;
			buildActionMask = 2147483647;
			files = (
				9866CFB1ECBE228C012C91C3 /* libPods-JCChoosePhoneManagerUITests.a in Frameworks */,
			);
			runOnlyForDeploymentPostprocessing = 0;
		};
/* End PBXFrameworksBuildPhase section */

/* Begin PBXGroup section */
		18EF2DC7202C52FA00CF3165 = {
			isa = PBXGroup;
			children = (
				18EF2DD2202C52FA00CF3165 /* JCChoosePhoneManager */,
				18EF2E07202C535100CF3165 /* JCChoosePhoneManager */,
				18EF2E06202C535100CF3165 /* JCChoosePhoneView.h */,
				18EF2E05202C535000CF3165 /* JCChoosePhoneView.m */,
				18EF2DEB202C52FB00CF3165 /* JCChoosePhoneManagerTests */,
				18EF2DF6202C52FB00CF3165 /* JCChoosePhoneManagerUITests */,
				18EF2DD1202C52FA00CF3165 /* Products */,
				2B18A3CA9AF929208CD8F4A9 /* Pods */,
				CCF2220CB1F126070E47BA4F /* Frameworks */,
			);
			sourceTree = "<group>";
		};
		18EF2DD1202C52FA00CF3165 /* Products */ = {
			isa = PBXGroup;
			children = (
				18EF2DD0202C52FA00CF3165 /* JCChoosePhoneManager.app */,
				18EF2DE8202C52FB00CF3165 /* JCChoosePhoneManagerTests.xctest */,
				18EF2DF3202C52FB00CF3165 /* JCChoosePhoneManagerUITests.xctest */,
			);
			name = Products;
			sourceTree = "<group>";
		};
		18EF2DD2202C52FA00CF3165 /* JCChoosePhoneManager */ = {
			isa = PBXGroup;
			children = (
				18EF2DD3202C52FB00CF3165 /* AppDelegate.h */,
				18EF2DD4202C52FB00CF3165 /* AppDelegate.m */,
				18EF2DD6202C52FB00CF3165 /* ViewController.h */,
				18EF2DD7202C52FB00CF3165 /* ViewController.m */,
				18EF2DD9202C52FB00CF3165 /* Main.storyboard */,
				18EF2DDC202C52FB00CF3165 /* Assets.xcassets */,
				18EF2DDE202C52FB00CF3165 /* LaunchScreen.storyboard */,
				18EF2DE1202C52FB00CF3165 /* Info.plist */,
				18EF2DE2202C52FB00CF3165 /* main.m */,
			);
			path = JCChoosePhoneManager;
			sourceTree = "<group>";
		};
		18EF2DEB202C52FB00CF3165 /* JCChoosePhoneManagerTests */ = {
			isa = PBXGroup;
			children = (
				18EF2DEC202C52FB00CF3165 /* JCChoosePhoneManagerTests.m */,
				18EF2DEE202C52FB00CF3165 /* Info.plist */,
			);
			path = JCChoosePhoneManagerTests;
			sourceTree = "<group>";
		};
		18EF2DF6202C52FB00CF3165 /* JCChoosePhoneManagerUITests */ = {
			isa = PBXGroup;
			children = (
				18EF2DF7202C52FB00CF3165 /* JCChoosePhoneManagerUITests.m */,
				18EF2DF9202C52FB00CF3165 /* Info.plist */,
			);
			path = JCChoosePhoneManagerUITests;
			sourceTree = "<group>";
		};
		18EF2E07202C535100CF3165 /* JCChoosePhoneManager */ = {
			isa = PBXGroup;
			children = (
				18EF2E0A202C535100CF3165 /* JCCustomChooseProtocol.h */,
				18EF2E0B202C535100CF3165 /* JCVPImageCropperViewController.h */,
				18EF2E0E202C535100CF3165 /* JCVPImageCropperViewController.m */,
				18EF2E09202C535100CF3165 /* JCCustomChooseView.h */,
				18EF2E0C202C535100CF3165 /* JCCustomChooseView.m */,
				18EF2E0D202C535100CF3165 /* JCChoosePhoneManager.h */,
				18EF2E08202C535100CF3165 /* JCChoosePhoneManager.m */,
			);
			name = JCChoosePhoneManager;
			path = JCChoosePhoneManager/JCChoosePhoneManager;
			sourceTree = "<group>";
		};
		2B18A3CA9AF929208CD8F4A9 /* Pods */ = {
			isa = PBXGroup;
			children = (
				4FDD49F16A74B72E62BE62AB /* Pods-JCChoosePhoneManager.debug.xcconfig */,
				0D8846FC4CAD0A678EDB36DA /* Pods-JCChoosePhoneManager.release.xcconfig */,
				920709B870D41C0D20BD72C5 /* Pods-JCChoosePhoneManagerTests.debug.xcconfig */,
				01D748EE043380FE455AC06A /* Pods-JCChoosePhoneManagerTests.release.xcconfig */,
				6B99A732BAE93111697F813B /* Pods-JCChoosePhoneManagerUITests.debug.xcconfig */,
				E84E69CAFCE0D679F56D6922 /* Pods-JCChoosePhoneManagerUITests.release.xcconfig */,
			);
			name = Pods;
			sourceTree = "<group>";
		};
		CCF2220CB1F126070E47BA4F /* Frameworks */ = {
			isa = PBXGroup;
			children = (
				9ED60514530B9DAECFB98FFE /* libPods-JCChoosePhoneManager.a */,
				4F9544781FED4366AB5981EB /* libPods-JCChoosePhoneManagerTests.a */,
				CA4A451259E4B797366C72CA /* libPods-JCChoosePhoneManagerUITests.a */,
			);
			name = Frameworks;
			sourceTree = "<group>";
		};
/* End PBXGroup section */

/* Begin PBXNativeTarget section */
		18EF2DCF202C52FA00CF3165 /* JCChoosePhoneManager */ = {
			isa = PBXNativeTarget;
			buildConfigurationList = 18EF2DFC202C52FB00CF3165 /* Build configuration list for PBXNativeTarget "JCChoosePhoneManager" */;
			buildPhases = (
				E525968ACDF48E6DD6A35EC3 /* [CP] Check Pods Manifest.lock */,
				18EF2DCC202C52FA00CF3165 /* Sources */,
				18EF2DCD202C52FA00CF3165 /* Frameworks */,
				18EF2DCE202C52FA00CF3165 /* Resources */,
				4784FE03E91E106D93C144C7 /* [CP] Embed Pods Frameworks */,
				34A756E0B6E4545816526428 /* [CP] Copy Pods Resources */,
			);
			buildRules = (
			);
			dependencies = (
			);
			name = JCChoosePhoneManager;
			productName = JCChoosePhoneManager;
			productReference = 18EF2DD0202C52FA00CF3165 /* JCChoosePhoneManager.app */;
			productType = "com.apple.product-type.application";
		};
		18EF2DE7202C52FB00CF3165 /* JCChoosePhoneManagerTests */ = {
			isa = PBXNativeTarget;
			buildConfigurationList = 18EF2DFF202C52FB00CF3165 /* Build configuration list for PBXNativeTarget "JCChoosePhoneManagerTests" */;
			buildPhases = (
				088529D3807F6B59F38B243F /* [CP] Check Pods Manifest.lock */,
				18EF2DE4202C52FB00CF3165 /* Sources */,
				18EF2DE5202C52FB00CF3165 /* Frameworks */,
				18EF2DE6202C52FB00CF3165 /* Resources */,
				75FBD34AA795A9414CBE2856 /* [CP] Embed Pods Frameworks */,
				D54D263F2D21AB5B936C5941 /* [CP] Copy Pods Resources */,
			);
			buildRules = (
			);
			dependencies = (
				18EF2DEA202C52FB00CF3165 /* PBXTargetDependency */,
			);
			name = JCChoosePhoneManagerTests;
			productName = JCChoosePhoneManagerTests;
			productReference = 18EF2DE8202C52FB00CF3165 /* JCChoosePhoneManagerTests.xctest */;
			productType = "com.apple.product-type.bundle.unit-test";
		};
		18EF2DF2202C52FB00CF3165 /* JCChoosePhoneManagerUITests */ = {
			isa = PBXNativeTarget;
			buildConfigurationList = 18EF2E02202C52FB00CF3165 /* Build configuration list for PBXNativeTarget "JCChoosePhoneManagerUITests" */;
			buildPhases = (
				D9FCDB00AC248A370297778A /* [CP] Check Pods Manifest.lock */,
				18EF2DEF202C52FB00CF3165 /* Sources */,
				18EF2DF0202C52FB00CF3165 /* Frameworks */,
				18EF2DF1202C52FB00CF3165 /* Resources */,
				31C5F5895BD14BAC9EAD059E /* [CP] Embed Pods Frameworks */,
				BAD9E44F7E002B257581CDBF /* [CP] Copy Pods Resources */,
			);
			buildRules = (
			);
			dependencies = (
				18EF2DF5202C52FB00CF3165 /* PBXTargetDependency */,
			);
			name = JCChoosePhoneManagerUITests;
			productName = JCChoosePhoneManagerUITests;
			productReference = 18EF2DF3202C52FB00CF3165 /* JCChoosePhoneManagerUITests.xctest */;
			productType = "com.apple.product-type.bundle.ui-testing";
		};
/* End PBXNativeTarget section */

/* Begin PBXProject section */
		18EF2DC8202C52FA00CF3165 /* Project object */ = {
			isa = PBXProject;
			attributes = {
				LastUpgradeCheck = 0920;
				ORGANIZATIONNAME = jindashi;
				TargetAttributes = {
					18EF2DCF202C52FA00CF3165 = {
						CreatedOnToolsVersion = 9.2;
						ProvisioningStyle = Automatic;
					};
					18EF2DE7202C52FB00CF3165 = {
						CreatedOnToolsVersion = 9.2;
						ProvisioningStyle = Automatic;
						TestTargetID = 18EF2DCF202C52FA00CF3165;
					};
					18EF2DF2202C52FB00CF3165 = {
						CreatedOnToolsVersion = 9.2;
						ProvisioningStyle = Automatic;
						TestTargetID = 18EF2DCF202C52FA00CF3165;
					};
				};
			};
			buildConfigurationList = 18EF2DCB202C52FA00CF3165 /* Build configuration list for PBXProject "JCChoosePhoneManager" */;
			compatibilityVersion = "Xcode 8.0";
			developmentRegion = en;
			hasScannedForEncodings = 0;
			knownRegions = (
				en,
				Base,
			);
			mainGroup = 18EF2DC7202C52FA00CF3165;
			productRefGroup = 18EF2DD1202C52FA00CF3165 /* Products */;
			projectDirPath = "";
			projectRoot = "";
			targets = (
				18EF2DCF202C52FA00CF3165 /* JCChoosePhoneManager */,
				18EF2DE7202C52FB00CF3165 /* JCChoosePhoneManagerTests */,
				18EF2DF2202C52FB00CF3165 /* JCChoosePhoneManagerUITests */,
			);
		};
/* End PBXProject section */

/* Begin PBXResourcesBuildPhase section */
		18EF2DCE202C52FA00CF3165 /* Resources */ = {
			isa = PBXResourcesBuildPhase;
			buildActionMask = 2147483647;
			files = (
				18EF2DE0202C52FB00CF3165 /* LaunchScreen.storyboard in Resources */,
				18EF2DDD202C52FB00CF3165 /* Assets.xcassets in Resources */,
				18EF2DDB202C52FB00CF3165 /* Main.storyboard in Resources */,
			);
			runOnlyForDeploymentPostprocessing = 0;
		};
		18EF2DE6202C52FB00CF3165 /* Resources */ = {
			isa = PBXResourcesBuildPhase;
			buildActionMask = 2147483647;
			files = (
			);
			runOnlyForDeploymentPostprocessing = 0;
		};
		18EF2DF1202C52FB00CF3165 /* Resources */ = {
			isa = PBXResourcesBuildPhase;
			buildActionMask = 2147483647;
			files = (
			);
			runOnlyForDeploymentPostprocessing = 0;
		};
/* End PBXResourcesBuildPhase section */

/* Begin PBXShellScriptBuildPhase section */
		088529D3807F6B59F38B243F /* [CP] Check Pods Manifest.lock */ = {
			isa = PBXShellScriptBuildPhase;
			buildActionMask = 2147483647;
			files = (
			);
			inputPaths = (
				"${PODS_PODFILE_DIR_PATH}/Podfile.lock",
				"${PODS_ROOT}/Manifest.lock",
			);
			name = "[CP] Check Pods Manifest.lock";
			outputPaths = (
				"$(DERIVED_FILE_DIR)/Pods-JCChoosePhoneManagerTests-checkManifestLockResult.txt",
			);
			runOnlyForDeploymentPostprocessing = 0;
			shellPath = /bin/sh;
			shellScript = "diff \"${PODS_PODFILE_DIR_PATH}/Podfile.lock\" \"${PODS_ROOT}/Manifest.lock\" > /dev/null\nif [ $? != 0 ] ; then\n    # print error to STDERR\n    echo \"error: The sandbox is not in sync with the Podfile.lock. Run 'pod install' or update your CocoaPods installation.\" >&2\n    exit 1\nfi\n# This output is used by Xcode 'outputs' to avoid re-running this script phase.\necho \"SUCCESS\" > \"${SCRIPT_OUTPUT_FILE_0}\"\n";
			showEnvVarsInLog = 0;
		};
		31C5F5895BD14BAC9EAD059E /* [CP] Embed Pods Frameworks */ = {
			isa = PBXShellScriptBuildPhase;
			buildActionMask = 2147483647;
			files = (
			);
			inputPaths = (
			);
			name = "[CP] Embed Pods Frameworks";
			outputPaths = (
			);
			runOnlyForDeploymentPostprocessing = 0;
			shellPath = /bin/sh;
			shellScript = "\"${SRCROOT}/Pods/Target Support Files/Pods-JCChoosePhoneManagerUITests/Pods-JCChoosePhoneManagerUITests-frameworks.sh\"\n";
			showEnvVarsInLog = 0;
		};
		34A756E0B6E4545816526428 /* [CP] Copy Pods Resources */ = {
			isa = PBXShellScriptBuildPhase;
			buildActionMask = 2147483647;
			files = (
			);
			inputPaths = (
			);
			name = "[CP] Copy Pods Resources";
			outputPaths = (
			);
			runOnlyForDeploymentPostprocessing = 0;
			shellPath = /bin/sh;
			shellScript = "\"${SRCROOT}/Pods/Target Support Files/Pods-JCChoosePhoneManager/Pods-JCChoosePhoneManager-resources.sh\"\n";
			showEnvVarsInLog = 0;
		};
		4784FE03E91E106D93C144C7 /* [CP] Embed Pods Frameworks */ = {
			isa = PBXShellScriptBuildPhase;
			buildActionMask = 2147483647;
			files = (
			);
			inputPaths = (
			);
			name = "[CP] Embed Pods Frameworks";
			outputPaths = (
			);
			runOnlyForDeploymentPostprocessing = 0;
			shellPath = /bin/sh;
			shellScript = "\"${SRCROOT}/Pods/Target Support Files/Pods-JCChoosePhoneManager/Pods-JCChoosePhoneManager-frameworks.sh\"\n";
			showEnvVarsInLog = 0;
		};
		75FBD34AA795A9414CBE2856 /* [CP] Embed Pods Frameworks */ = {
			isa = PBXShellScriptBuildPhase;
			buildActionMask = 2147483647;
			files = (
			);
			inputPaths = (
			);
			name = "[CP] Embed Pods Frameworks";
			outputPaths = (
			);
			runOnlyForDeploymentPostprocessing = 0;
			shellPath = /bin/sh;
			shellScript = "\"${SRCROOT}/Pods/Target Support Files/Pods-JCChoosePhoneManagerTests/Pods-JCChoosePhoneManagerTests-frameworks.sh\"\n";
			showEnvVarsInLog = 0;
		};
		BAD9E44F7E002B257581CDBF /* [CP] Copy Pods Resources */ = {
			isa = PBXShellScriptBuildPhase;
			buildActionMask = 2147483647;
			files = (
			);
			inputPaths = (
			);
			name = "[CP] Copy Pods Resources";
			outputPaths = (
			);
			runOnlyForDeploymentPostprocessing = 0;
			shellPath = /bin/sh;
			shellScript = "\"${SRCROOT}/Pods/Target Support Files/Pods-JCChoosePhoneManagerUITests/Pods-JCChoosePhoneManagerUITests-resources.sh\"\n";
			showEnvVarsInLog = 0;
		};
		D54D263F2D21AB5B936C5941 /* [CP] Copy Pods Resources */ = {
			isa = PBXShellScriptBuildPhase;
			buildActionMask = 2147483647;
			files = (
			);
			inputPaths = (
			);
			name = "[CP] Copy Pods Resources";
			outputPaths = (
			);
			runOnlyForDeploymentPostprocessing = 0;
			shellPath = /bin/sh;
			shellScript = "\"${SRCROOT}/Pods/Target Support Files/Pods-JCChoosePhoneManagerTests/Pods-JCChoosePhoneManagerTests-resources.sh\"\n";
			showEnvVarsInLog = 0;
		};
		D9FCDB00AC248A370297778A /* [CP] Check Pods Manifest.lock */ = {
			isa = PBXShellScriptBuildPhase;
			buildActionMask = 2147483647;
			files = (
			);
			inputPaths = (
				"${PODS_PODFILE_DIR_PATH}/Podfile.lock",
				"${PODS_ROOT}/Manifest.lock",
			);
			name = "[CP] Check Pods Manifest.lock";
			outputPaths = (
				"$(DERIVED_FILE_DIR)/Pods-JCChoosePhoneManagerUITests-checkManifestLockResult.txt",
			);
			runOnlyForDeploymentPostprocessing = 0;
			shellPath = /bin/sh;
			shellScript = "diff \"${PODS_PODFILE_DIR_PATH}/Podfile.lock\" \"${PODS_ROOT}/Manifest.lock\" > /dev/null\nif [ $? != 0 ] ; then\n    # print error to STDERR\n    echo \"error: The sandbox is not in sync with the Podfile.lock. Run 'pod install' or update your CocoaPods installation.\" >&2\n    exit 1\nfi\n# This output is used by Xcode 'outputs' to avoid re-running this script phase.\necho \"SUCCESS\" > \"${SCRIPT_OUTPUT_FILE_0}\"\n";
			showEnvVarsInLog = 0;
		};
		E525968ACDF48E6DD6A35EC3 /* [CP] Check Pods Manifest.lock */ = {
			isa = PBXShellScriptBuildPhase;
			buildActionMask = 2147483647;
			files = (
			);
			inputPaths = (
				"${PODS_PODFILE_DIR_PATH}/Podfile.lock",
				"${PODS_ROOT}/Manifest.lock",
			);
			name = "[CP] Check Pods Manifest.lock";
			outputPaths = (
				"$(DERIVED_FILE_DIR)/Pods-JCChoosePhoneManager-checkManifestLockResult.txt",
			);
			runOnlyForDeploymentPostprocessing = 0;
			shellPath = /bin/sh;
			shellScript = "diff \"${PODS_PODFILE_DIR_PATH}/Podfile.lock\" \"${PODS_ROOT}/Manifest.lock\" > /dev/null\nif [ $? != 0 ] ; then\n    # print error to STDERR\n    echo \"error: The sandbox is not in sync with the Podfile.lock. Run 'pod install' or update your CocoaPods installation.\" >&2\n    exit 1\nfi\n# This output is used by Xcode 'outputs' to avoid re-running this script phase.\necho \"SUCCESS\" > \"${SCRIPT_OUTPUT_FILE_0}\"\n";
			showEnvVarsInLog = 0;
		};
/* End PBXShellScriptBuildPhase section */

/* Begin PBXSourcesBuildPhase section */
		18EF2DCC202C52FA00CF3165 /* Sources */ = {
			isa = PBXSourcesBuildPhase;
			buildActionMask = 2147483647;
			files = (
				18EF2DD8202C52FB00CF3165 /* ViewController.m in Sources */,
				18EF2E0F202C535100CF3165 /* JCChoosePhoneView.m in Sources */,
				18EF2DE3202C52FB00CF3165 /* main.m in Sources */,
				18EF2E12202C535100CF3165 /* JCVPImageCropperViewController.m in Sources */,
				18EF2E11202C535100CF3165 /* JCCustomChooseView.m in Sources */,
				18EF2E10202C535100CF3165 /* JCChoosePhoneManager.m in Sources */,
				18EF2DD5202C52FB00CF3165 /* AppDelegate.m in Sources */,
			);
			runOnlyForDeploymentPostprocessing = 0;
		};
		18EF2DE4202C52FB00CF3165 /* Sources */ = {
			isa = PBXSourcesBuildPhase;
			buildActionMask = 2147483647;
			files = (
				18EF2DED202C52FB00CF3165 /* JCChoosePhoneManagerTests.m in Sources */,
			);
			runOnlyForDeploymentPostprocessing = 0;
		};
		18EF2DEF202C52FB00CF3165 /* Sources */ = {
			isa = PBXSourcesBuildPhase;
			buildActionMask = 2147483647;
			files = (
				18EF2DF8202C52FB00CF3165 /* JCChoosePhoneManagerUITests.m in Sources */,
			);
			runOnlyForDeploymentPostprocessing = 0;
		};
/* End PBXSourcesBuildPhase section */

/* Begin PBXTargetDependency section */
		18EF2DEA202C52FB00CF3165 /* PBXTargetDependency */ = {
			isa = PBXTargetDependency;
			target = 18EF2DCF202C52FA00CF3165 /* JCChoosePhoneManager */;
			targetProxy = 18EF2DE9202C52FB00CF3165 /* PBXContainerItemProxy */;
		};
		18EF2DF5202C52FB00CF3165 /* PBXTargetDependency */ = {
			isa = PBXTargetDependency;
			target = 18EF2DCF202C52FA00CF3165 /* JCChoosePhoneManager */;
			targetProxy = 18EF2DF4202C52FB00CF3165 /* PBXContainerItemProxy */;
		};
/* End PBXTargetDependency section */

/* Begin PBXVariantGroup section */
		18EF2DD9202C52FB00CF3165 /* Main.storyboard */ = {
			isa = PBXVariantGroup;
			children = (
				18EF2DDA202C52FB00CF3165 /* Base */,
			);
			name = Main.storyboard;
			sourceTree = "<group>";
		};
		18EF2DDE202C52FB00CF3165 /* LaunchScreen.storyboard */ = {
			isa = PBXVariantGroup;
			children = (
				18EF2DDF202C52FB00CF3165 /* Base */,
			);
			name = LaunchScreen.storyboard;
			sourceTree = "<group>";
		};
/* End PBXVariantGroup section */

/* Begin XCBuildConfiguration section */
		18EF2DFA202C52FB00CF3165 /* Debug */ = {
			isa = XCBuildConfiguration;
			buildSettings = {
				ALWAYS_SEARCH_USER_PATHS = NO;
				CLANG_ALLOW_NON_MODULAR_INCLUDES_IN_FRAMEWORK_MODULES = YES;
				CLANG_ANALYZER_NONNULL = YES;
				CLANG_ANALYZER_NUMBER_OBJECT_CONVERSION = YES_AGGRESSIVE;
				CLANG_CXX_LANGUAGE_STANDARD = "gnu++14";
				CLANG_CXX_LIBRARY = "libc++";
				CLANG_ENABLE_MODULES = YES;
				CLANG_ENABLE_OBJC_ARC = YES;
				CLANG_WARN_BLOCK_CAPTURE_AUTORELEASING = YES;
				CLANG_WARN_BOOL_CONVERSION = YES;
				CLANG_WARN_COMMA = YES;
				CLANG_WARN_CONSTANT_CONVERSION = YES;
				CLANG_WARN_DIRECT_OBJC_ISA_USAGE = YES_ERROR;
				CLANG_WARN_DOCUMENTATION_COMMENTS = YES;
				CLANG_WARN_EMPTY_BODY = YES;
				CLANG_WARN_ENUM_CONVERSION = YES;
				CLANG_WARN_INFINITE_RECURSION = YES;
				CLANG_WARN_INT_CONVERSION = YES;
				CLANG_WARN_NON_LITERAL_NULL_CONVERSION = YES;
				CLANG_WARN_OBJC_LITERAL_CONVERSION = YES;
				CLANG_WARN_OBJC_ROOT_CLASS = YES_ERROR;
				CLANG_WARN_RANGE_LOOP_ANALYSIS = YES;
				CLANG_WARN_STRICT_PROTOTYPES = YES;
				CLANG_WARN_SUSPICIOUS_MOVE = YES;
				CLANG_WARN_UNGUARDED_AVAILABILITY = YES_AGGRESSIVE;
				CLANG_WARN_UNREACHABLE_CODE = YES;
				CLANG_WARN__DUPLICATE_METHOD_MATCH = YES;
				CODE_SIGN_IDENTITY = "iPhone Developer";
				COPY_PHASE_STRIP = NO;
				DEBUG_INFORMATION_FORMAT = dwarf;
				ENABLE_STRICT_OBJC_MSGSEND = YES;
				ENABLE_TESTABILITY = YES;
				GCC_C_LANGUAGE_STANDARD = gnu11;
				GCC_DYNAMIC_NO_PIC = NO;
				GCC_NO_COMMON_BLOCKS = YES;
				GCC_OPTIMIZATION_LEVEL = 0;
				GCC_PREPROCESSOR_DEFINITIONS = (
					"DEBUG=1",
					"$(inherited)",
				);
				GCC_WARN_64_TO_32_BIT_CONVERSION = YES;
				GCC_WARN_ABOUT_RETURN_TYPE = YES_ERROR;
				GCC_WARN_UNDECLARED_SELECTOR = YES;
				GCC_WARN_UNINITIALIZED_AUTOS = YES_AGGRESSIVE;
				GCC_WARN_UNUSED_FUNCTION = YES;
				GCC_WARN_UNUSED_VARIABLE = YES;
				IPHONEOS_DEPLOYMENT_TARGET = 11.2;
				MTL_ENABLE_DEBUG_INFO = YES;
				ONLY_ACTIVE_ARCH = YES;
				OTHER_CFLAGS = "";
				SDKROOT = iphoneos;
			};
			name = Debug;
		};
		18EF2DFB202C52FB00CF3165 /* Release */ = {
			isa = XCBuildConfiguration;
			buildSettings = {
				ALWAYS_SEARCH_USER_PATHS = NO;
				CLANG_ALLOW_NON_MODULAR_INCLUDES_IN_FRAMEWORK_MODULES = YES;
				CLANG_ANALYZER_NONNULL = YES;
				CLANG_ANALYZER_NUMBER_OBJECT_CONVERSION = YES_AGGRESSIVE;
				CLANG_CXX_LANGUAGE_STANDARD = "gnu++14";
				CLANG_CXX_LIBRARY = "libc++";
				CLANG_ENABLE_MODULES = YES;
				CLANG_ENABLE_OBJC_ARC = YES;
				CLANG_WARN_BLOCK_CAPTURE_AUTORELEASING = YES;
				CLANG_WARN_BOOL_CONVERSION = YES;
				CLANG_WARN_COMMA = YES;
				CLANG_WARN_CONSTANT_CONVERSION = YES;
				CLANG_WARN_DIRECT_OBJC_ISA_USAGE = YES_ERROR;
				CLANG_WARN_DOCUMENTATION_COMMENTS = YES;
				CLANG_WARN_EMPTY_BODY = YES;
				CLANG_WARN_ENUM_CONVERSION = YES;
				CLANG_WARN_INFINITE_RECURSION = YES;
				CLANG_WARN_INT_CONVERSION = YES;
				CLANG_WARN_NON_LITERAL_NULL_CONVERSION = YES;
				CLANG_WARN_OBJC_LITERAL_CONVERSION = YES;
				CLANG_WARN_OBJC_ROOT_CLASS = YES_ERROR;
				CLANG_WARN_RANGE_LOOP_ANALYSIS = YES;
				CLANG_WARN_STRICT_PROTOTYPES = YES;
				CLANG_WARN_SUSPICIOUS_MOVE = YES;
				CLANG_WARN_UNGUARDED_AVAILABILITY = YES_AGGRESSIVE;
				CLANG_WARN_UNREACHABLE_CODE = YES;
				CLANG_WARN__DUPLICATE_METHOD_MATCH = YES;
				CODE_SIGN_IDENTITY = "iPhone Developer";
				COPY_PHASE_STRIP = NO;
				DEBUG_INFORMATION_FORMAT = "dwarf-with-dsym";
				ENABLE_NS_ASSERTIONS = NO;
				ENABLE_STRICT_OBJC_MSGSEND = YES;
				GCC_C_LANGUAGE_STANDARD = gnu11;
				GCC_NO_COMMON_BLOCKS = YES;
				GCC_WARN_64_TO_32_BIT_CONVERSION = YES;
				GCC_WARN_ABOUT_RETURN_TYPE = YES_ERROR;
				GCC_WARN_UNDECLARED_SELECTOR = YES;
				GCC_WARN_UNINITIALIZED_AUTOS = YES_AGGRESSIVE;
				GCC_WARN_UNUSED_FUNCTION = YES;
				GCC_WARN_UNUSED_VARIABLE = YES;
				IPHONEOS_DEPLOYMENT_TARGET = 11.2;
				MTL_ENABLE_DEBUG_INFO = NO;
				OTHER_CFLAGS = "";
				SDKROOT = iphoneos;
				VALIDATE_PRODUCT = YES;
			};
			name = Release;
		};
		18EF2DFD202C52FB00CF3165 /* Debug */ = {
			isa = XCBuildConfiguration;
			baseConfigurationReference = 4FDD49F16A74B72E62BE62AB /* Pods-JCChoosePhoneManager.debug.xcconfig */;
			buildSettings = {
				ASSETCATALOG_COMPILER_APPICON_NAME = AppIcon;
				CODE_SIGN_STYLE = Automatic;
				DEVELOPMENT_TEAM = QK99ER5X78;
				INFOPLIST_FILE = JCChoosePhoneManager/Info.plist;
				IPHONEOS_DEPLOYMENT_TARGET = 8.0;
				LD_RUNPATH_SEARCH_PATHS = "$(inherited) @executable_path/Frameworks";
				PRODUCT_BUNDLE_IDENTIFIER = com.JinCe.JinceDistribution;
				PRODUCT_NAME = "$(TARGET_NAME)";
				TARGETED_DEVICE_FAMILY = "1,2";
			};
			name = Debug;
		};
		18EF2DFE202C52FB00CF3165 /* Release */ = {
			isa = XCBuildConfiguration;
			baseConfigurationReference = 0D8846FC4CAD0A678EDB36DA /* Pods-JCChoosePhoneManager.release.xcconfig */;
			buildSettings = {
				ASSETCATALOG_COMPILER_APPICON_NAME = AppIcon;
				CODE_SIGN_STYLE = Automatic;
				DEVELOPMENT_TEAM = QK99ER5X78;
				INFOPLIST_FILE = JCChoosePhoneManager/Info.plist;
				IPHONEOS_DEPLOYMENT_TARGET = 8.0;
				LD_RUNPATH_SEARCH_PATHS = "$(inherited) @executable_path/Frameworks";
				PRODUCT_BUNDLE_IDENTIFIER = com.JinCe.JinceDistribution;
				PRODUCT_NAME = "$(TARGET_NAME)";
				TARGETED_DEVICE_FAMILY = "1,2";
			};
			name = Release;
		};
		18EF2E00202C52FB00CF3165 /* Debug */ = {
			isa = XCBuildConfiguration;
			baseConfigurationReference = 920709B870D41C0D20BD72C5 /* Pods-JCChoosePhoneManagerTests.debug.xcconfig */;
			buildSettings = {
				BUNDLE_LOADER = "$(TEST_HOST)";
				CODE_SIGN_STYLE = Automatic;
				INFOPLIST_FILE = JCChoosePhoneManagerTests/Info.plist;
				LD_RUNPATH_SEARCH_PATHS = "$(inherited) @executable_path/Frameworks @loader_path/Frameworks";
				PRODUCT_BUNDLE_IDENTIFIER = jackie.JCChoosePhoneManagerTests;
				PRODUCT_NAME = "$(TARGET_NAME)";
				TARGETED_DEVICE_FAMILY = "1,2";
				TEST_HOST = "$(BUILT_PRODUCTS_DIR)/JCChoosePhoneManager.app/JCChoosePhoneManager";
			};
			name = Debug;
		};
		18EF2E01202C52FB00CF3165 /* Release */ = {
			isa = XCBuildConfiguration;
			baseConfigurationReference = 01D748EE043380FE455AC06A /* Pods-JCChoosePhoneManagerTests.release.xcconfig */;
			buildSettings = {
				BUNDLE_LOADER = "$(TEST_HOST)";
				CODE_SIGN_STYLE = Automatic;
				INFOPLIST_FILE = JCChoosePhoneManagerTests/Info.plist;
				LD_RUNPATH_SEARCH_PATHS = "$(inherited) @executable_path/Frameworks @loader_path/Frameworks";
				PRODUCT_BUNDLE_IDENTIFIER = jackie.JCChoosePhoneManagerTests;
				PRODUCT_NAME = "$(TARGET_NAME)";
				TARGETED_DEVICE_FAMILY = "1,2";
				TEST_HOST = "$(BUILT_PRODUCTS_DIR)/JCChoosePhoneManager.app/JCChoosePhoneManager";
			};
			name = Release;
		};
		18EF2E03202C52FB00CF3165 /* Debug */ = {
			isa = XCBuildConfiguration;
			baseConfigurationReference = 6B99A732BAE93111697F813B /* Pods-JCChoosePhoneManagerUITests.debug.xcconfig */;
			buildSettings = {
				CODE_SIGN_STYLE = Automatic;
				INFOPLIST_FILE = JCChoosePhoneManagerUITests/Info.plist;
				LD_RUNPATH_SEARCH_PATHS = "$(inherited) @executable_path/Frameworks @loader_path/Frameworks";
				PRODUCT_BUNDLE_IDENTIFIER = jackie.JCChoosePhoneManagerUITests;
				PRODUCT_NAME = "$(TARGET_NAME)";
				TARGETED_DEVICE_FAMILY = "1,2";
				TEST_TARGET_NAME = JCChoosePhoneManager;
			};
			name = Debug;
		};
		18EF2E04202C52FB00CF3165 /* Release */ = {
			isa = XCBuildConfiguration;
			baseConfigurationReference = E84E69CAFCE0D679F56D6922 /* Pods-JCChoosePhoneManagerUITests.release.xcconfig */;
			buildSettings = {
				CODE_SIGN_STYLE = Automatic;
				INFOPLIST_FILE = JCChoosePhoneManagerUITests/Info.plist;
				LD_RUNPATH_SEARCH_PATHS = "$(inherited) @executable_path/Frameworks @loader_path/Frameworks";
				PRODUCT_BUNDLE_IDENTIFIER = jackie.JCChoosePhoneManagerUITests;
				PRODUCT_NAME = "$(TARGET_NAME)";
				TARGETED_DEVICE_FAMILY = "1,2";
				TEST_TARGET_NAME = JCChoosePhoneManager;
			};
			name = Release;
		};
/* End XCBuildConfiguration section */

/* Begin XCConfigurationList section */
		18EF2DCB202C52FA00CF3165 /* Build configuration list for PBXProject "JCChoosePhoneManager" */ = {
			isa = XCConfigurationList;
			buildConfigurations = (
				18EF2DFA202C52FB00CF3165 /* Debug */,
				18EF2DFB202C52FB00CF3165 /* Release */,
			);
			defaultConfigurationIsVisible = 0;
			defaultConfigurationName = Release;
		};
		18EF2DFC202C52FB00CF3165 /* Build configuration list for PBXNativeTarget "JCChoosePhoneManager" */ = {
			isa = XCConfigurationList;
			buildConfigurations = (
				18EF2DFD202C52FB00CF3165 /* Debug */,
				18EF2DFE202C52FB00CF3165 /* Release */,
			);
			defaultConfigurationIsVisible = 0;
			defaultConfigurationName = Release;
		};
		18EF2DFF202C52FB00CF3165 /* Build configuration list for PBXNativeTarget "JCChoosePhoneManagerTests" */ = {
			isa = XCConfigurationList;
			buildConfigurations = (
				18EF2E00202C52FB00CF3165 /* Debug */,
				18EF2E01202C52FB00CF3165 /* Release */,
			);
			defaultConfigurationIsVisible = 0;
			defaultConfigurationName = Release;
		};
		18EF2E02202C52FB00CF3165 /* Build configuration list for PBXNativeTarget "JCChoosePhoneManagerUITests" */ = {
			isa = XCConfigurationList;
			buildConfigurations = (
				18EF2E03202C52FB00CF3165 /* Debug */,
				18EF2E04202C52FB00CF3165 /* Release */,
			);
			defaultConfigurationIsVisible = 0;
			defaultConfigurationName = Release;
		};
/* End XCConfigurationList section */
	};
	rootObject = 18EF2DC8202C52FA00CF3165 /* Project object */;
}
